{
  "lockfileVersion": 1,
  "workspaces": {
    "": {
      "name": "nyc-financials",
      "dependencies": {
        "dotenv": "^16.3.1",
        "drizzle-orm": "^0.29.0",
        "postgres": "^3.4.0",
      },
    },
  },
  "packages": {
    "dotenv": ["dotenv@16.6.1", "", {}, "sha512-uBq4egWHTcTt33a72vpSG0z3HnPuIl6NqYcTrKEg2azoEyl2hpW0zqlxysq2pK9HlDIHyHyakeYaYnSAwd8bow=="],

    "drizzle-orm": ["drizzle-orm@0.29.5", "", { "peerDependencies": { "@aws-sdk/client-rds-data": ">=3", "@cloudflare/workers-types": ">=3", "@libsql/client": "*", "@neondatabase/serverless": ">=0.1", "@opentelemetry/api": "^1.4.1", "@planetscale/database": ">=1", "@types/better-sqlite3": "*", "@types/pg": "*", "@types/react": ">=18", "@types/sql.js": "*", "@vercel/postgres": "*", "better-sqlite3": ">=7", "bun-types": "*", "expo-sqlite": ">=13.2.0", "knex": "*", "kysely": "*", "mysql2": ">=2", "pg": ">=8", "postgres": ">=3", "react": ">=18", "sql.js": ">=1", "sqlite3": ">=5" }, "optionalPeers": ["@aws-sdk/client-rds-data", "@cloudflare/workers-types", "@libsql/client", "@neondatabase/serverless", "@opentelemetry/api", "@planetscale/database", "@types/better-sqlite3", "@types/pg", "@types/react", "@types/sql.js", "@vercel/postgres", "better-sqlite3", "bun-types", "expo-sqlite", "knex", "kysely", "mysql2", "pg", "postgres", "react", "sql.js", "sqlite3"] }, "sha512-jS3+uyzTz4P0Y2CICx8FmRQ1eplURPaIMWDn/yq6k4ShRFj9V7vlJk67lSf2kyYPzQ60GkkNGXcJcwrxZ6QCRw=="],

    "postgres": ["postgres@3.4.7", "", {}, "sha512-Jtc2612XINuBjIl/QTWsV5UvE8UHuNblcO3vVADSrKsrc6RqGX6lOW1cEo3CM2v0XG4Nat8nI+YM7/f26VxXLw=="],
  }
}
